
Microsoft Visual Studio Solution File, Format Version 12.00
# Visual Studio Version 17
VisualStudioVersion = 17.0.31903.59
MinimumVisualStudioVersion = 10.0.40219.1
Project("{FAE04EC0-301F-11D3-BF4B-00C04F79EFBC}") = "web", "web\web.csproj", "{987CB478-47D7-4BF1-9264-6E639BF133C0}"
EndProject
Global
	GlobalSection(SolutionConfigurationPlatforms) = preSolution
		Debug|Any CPU = Debug|Any CPU
		Release|Any CPU = Release|Any CPU
	EndGlobalSection
	GlobalSection(ProjectConfigurationPlatforms) = postSolution
		{987CB478-47D7-4BF1-9264-6E639BF133C0}.Debug|Any CPU.ActiveCfg = Debug|Any CPU
		{987CB478-47D7-4BF1-9264-6E639BF133C0}.Debug|Any CPU.Build.0 = Debug|Any CPU
		{987CB478-47D7-4BF1-9264-6E639BF133C0}.Release|Any CPU.ActiveCfg = Release|Any CPU
		{987CB478-47D7-4BF1-9264-6E639BF133C0}.Release|Any CPU.Build.0 = Release|Any CPU
	EndGlobalSection
	GlobalSection(SolutionProperties) = preSolution
		HideSolutionNode = FALSE
	EndGlobalSection
	GlobalSection(ExtensibilityGlobals) = postSolution
		SolutionGuid = {D1D07BF0-E278-4730-A1D9-6EAC55F536CA}
	EndGlobalSection
EndGlobal
